
Microsoft Visual Studio Solution File, Format Version 12.00
# Visual Studio Version 16
VisualStudioVersion = 16.0.30011.22
MinimumVisualStudioVersion = 10.0.40219.1
Project("{FAE04EC0-301F-11D3-BF4B-00C04F79EFBC}") = "Tabella Punti", "Tabella Punti\Tabella Punti.csproj", "{0D60B672-0BD6-4252-A9BC-3B8964170049}"
EndProject
Global
	GlobalSection(SolutionConfigurationPlatforms) = preSolution
		Debug|Any CPU = Debug|Any CPU
		Release|Any CPU = Release|Any CPU
	EndGlobalSection
	GlobalSection(ProjectConfigurationPlatforms) = postSolution
		{0D60B672-0BD6-4252-A9BC-3B8964170049}.Debug|Any CPU.ActiveCfg = Debug|Any CPU
		{0D60B672-0BD6-4252-A9BC-3B8964170049}.Debug|Any CPU.Build.0 = Debug|Any CPU
		{0D60B672-0BD6-4252-A9BC-3B8964170049}.Release|Any CPU.ActiveCfg = Release|Any CPU
		{0D60B672-0BD6-4252-A9BC-3B8964170049}.Release|Any CPU.Build.0 = Release|Any CPU
	EndGlobalSection
	GlobalSection(SolutionProperties) = preSolution
		HideSolutionNode = FALSE
	EndGlobalSection
	GlobalSection(ExtensibilityGlobals) = postSolution
		SolutionGuid = {41F32E5D-2DED-4749-9AE5-E7BAA5B0D17C}
	EndGlobalSection
EndGlobal
